
Microsoft Visual Studio Solution File, Format Version 12.00
# Visual Studio 15
VisualStudioVersion = 15.0.28010.2050
MinimumVisualStudioVersion = 10.0.40219.1
Project("{8BC9CEB8-8B4A-11D0-8D11-00A0C91BC942}") = "REtoDFA", "REtoDFA\REtoDFA.vcxproj", "{EEE3AA87-4A79-41C0-A770-C594574DA1DA}"
EndProject
Global
	GlobalSection(SolutionConfigurationPlatforms) = preSolution
		Debug|x64 = Debug|x64
		Debug|x86 = Debug|x86
		Release|x64 = Release|x64
		Release|x86 = Release|x86
	EndGlobalSection
	GlobalSection(ProjectConfigurationPlatforms) = postSolution
		{EEE3AA87-4A79-41C0-A770-C594574DA1DA}.Debug|x64.ActiveCfg = Debug|x64
		{EEE3AA87-4A79-41C0-A770-C594574DA1DA}.Debug|x64.Build.0 = Debug|x64
		{EEE3AA87-4A79-41C0-A770-C594574DA1DA}.Debug|x86.ActiveCfg = Debug|Win32
		{EEE3AA87-4A79-41C0-A770-C594574DA1DA}.Debug|x86.Build.0 = Debug|Win32
		{EEE3AA87-4A79-41C0-A770-C594574DA1DA}.Release|x64.ActiveCfg = Release|x64
		{EEE3AA87-4A79-41C0-A770-C594574DA1DA}.Release|x64.Build.0 = Release|x64
		{EEE3AA87-4A79-41C0-A770-C594574DA1DA}.Release|x86.ActiveCfg = Release|Win32
		{EEE3AA87-4A79-41C0-A770-C594574DA1DA}.Release|x86.Build.0 = Release|Win32
	EndGlobalSection
	GlobalSection(SolutionProperties) = preSolution
		HideSolutionNode = FALSE
	EndGlobalSection
	GlobalSection(ExtensibilityGlobals) = postSolution
		SolutionGuid = {3FF8120F-AA0A-41D6-9327-61CF40CC8C49}
	EndGlobalSection
EndGlobal
